# This file is automatically @generated by Cargo.
# It is not intended for manual editing.
version = 4

[[package]]
name = "gwr-core"
version = "0.1.0"

[[package]]
name = "gwr-local"
version = "0.1.0"
dependencies = [
 "gwr-core",
 "gwr-runtime",
]

[[package]]
name = "gwr-runtime"
version = "0.1.0"
dependencies = [
 "gwr-core",
]
